
Microsoft Visual Studio Solution File, Format Version 12.00
Project("{FAE04EC0-301F-11D3-BF4B-00C04F79EFBC}") = "DesignPatterns", "DesignPatterns\DesignPatterns.csproj", "{6D3584C0-0582-4A33-B6BC-EE5A6BDBDB37}"
EndProject
Project("{FAE04EC0-301F-11D3-BF4B-00C04F79EFBC}") = "DesignPatterns.Factory", "DesignPatterns.Factory\DesignPatterns.Factory.csproj", "{E8D5B573-1195-427E-82F5-8B60C8EDEE60}"
EndProject
Project("{FAE04EC0-301F-11D3-BF4B-00C04F79EFBC}") = "DesignPatterns.Factory.Tests", "DesignPatterns.Factory.Tests\DesignPatterns.Factory.Tests.csproj", "{31D67FA5-D8E6-4B00-A5E8-2FDB40CF3A33}"
EndProject
Project("{FAE04EC0-301F-11D3-BF4B-00C04F79EFBC}") = "DesignPatterns.Singleton", "DesignPatterns.Singleton\DesignPatterns.Singleton.csproj", "{A65235F7-D21F-4DA2-BAC1-C4C5AAA676FB}"
EndProject
Project("{FAE04EC0-301F-11D3-BF4B-00C04F79EFBC}") = "DesignPatterns.Singleton.Tests", "DesignPatterns.Singleton.Tests\DesignPatterns.Singleton.Tests.csproj", "{19F11A0C-1090-4F66-88D7-FE443F2C16A5}"
EndProject
Project("{FAE04EC0-301F-11D3-BF4B-00C04F79EFBC}") = "DesignPatterns.Builder", "DesignPatterns.Builder\DesignPatterns.Builder.csproj", "{92EF782E-FCF8-44BB-95E4-E1E3D00A5A94}"
EndProject
Project("{FAE04EC0-301F-11D3-BF4B-00C04F79EFBC}") = "DesignPatterns.Builder.Tests", "DesignPatterns.Builder.Tests\DesignPatterns.Builder.Tests.csproj", "{2779D653-9562-453E-958C-7254D1608D93}"
EndProject
Project("{FAE04EC0-301F-11D3-BF4B-00C04F79EFBC}") = "DesignPatterns.Prototype", "DesignPatterns.Prototype\DesignPatterns.Prototype.csproj", "{87E2AD41-022E-45F9-9618-9AABC3A07A33}"
EndProject
Project("{FAE04EC0-301F-11D3-BF4B-00C04F79EFBC}") = "DesignPatterns.Strategy", "DesignPatterns.Strategy\DesignPatterns.Strategy.csproj", "{9D6D0E41-01E7-4C6A-A5C2-C9991042BA3B}"
EndProject
Project("{FAE04EC0-301F-11D3-BF4B-00C04F79EFBC}") = "DesignPatterns.Strategy.Tests", "DesignPatterns.Strategy.Tests\DesignPatterns.Strategy.Tests.csproj", "{CEF48927-B0D4-40C1-A176-DF4EF904B778}"
EndProject
Project("{FAE04EC0-301F-11D3-BF4B-00C04F79EFBC}") = "DesignPatterns.Observer", "DesignPatterns.Observer\DesignPatterns.Observer.csproj", "{FB153270-6032-462A-99DB-0E5301F41EE4}"
EndProject
Project("{FAE04EC0-301F-11D3-BF4B-00C04F79EFBC}") = "DesignPatterns.State", "DesignPatterns.State\DesignPatterns.State.csproj", "{4014A065-7073-4BA0-BA7E-2260BC86E40F}"
EndProject
Project("{FAE04EC0-301F-11D3-BF4B-00C04F79EFBC}") = "DesignPatterns.State.Tests", "DesignPatterns.State.Tests\DesignPatterns.State.Tests.csproj", "{52D4D560-39B3-4997-A52B-7B1C1951C008}"
EndProject
Project("{FAE04EC0-301F-11D3-BF4B-00C04F79EFBC}") = "DesignPatterns.Prototype.Tests", "DesignPatterns.Prototype.Tests\DesignPatterns.Prototype.Tests.csproj", "{3DD16706-1F5E-4A91-9905-C2A7C24B14CA}"
EndProject
Project("{FAE04EC0-301F-11D3-BF4B-00C04F79EFBC}") = "DesignPatterns.State.UI", "DesignPatterns.State.UI\DesignPatterns.State.UI.csproj", "{500C3CB3-2BC7-4D18-8546-B468E71BF75A}"
EndProject
Project("{FAE04EC0-301F-11D3-BF4B-00C04F79EFBC}") = "DesignPatterns.Observer.Tests", "DesignPatterns.Observer.Tests\DesignPatterns.Observer.Tests.csproj", "{31B744A4-5B81-4C6C-AA1E-AB4A1708DA80}"
EndProject
Project("{FAE04EC0-301F-11D3-BF4B-00C04F79EFBC}") = "DesignPatterns.ChainOfResponsibility", "DesignPatterns.ChainOfResponsibility\DesignPatterns.ChainOfResponsibility.csproj", "{629352CE-2A7A-4C90-A3EC-6AF31034BC64}"
EndProject
Project("{FAE04EC0-301F-11D3-BF4B-00C04F79EFBC}") = "DesignPatterns.ChainOfResponsibility.Tests", "DesignPatterns.ChainOfResponsibility.Tests\DesignPatterns.ChainOfResponsibility.Tests.csproj", "{3E44E18A-2C70-4B0C-AC36-432CD9ED1ECB}"
EndProject
Project("{FAE04EC0-301F-11D3-BF4B-00C04F79EFBC}") = "DesignPatterns.ChainOfResponsibility.UI", "DesignPatterns.ChainOfResponsibility.UI\DesignPatterns.ChainOfResponsibility.UI.csproj", "{1C58E61D-191C-4442-A095-5A77EF22C2DB}"
EndProject
Project("{FAE04EC0-301F-11D3-BF4B-00C04F79EFBC}") = "DesignPatterns.Iterator", "DesignPatterns.Iterator\DesignPatterns.Iterator.csproj", "{440FF0E9-F48A-4919-9A64-A85190835716}"
EndProject
Project("{FAE04EC0-301F-11D3-BF4B-00C04F79EFBC}") = "DesignPatterns.Iterator.UI", "DesignPatterns.Iterator.UI\DesignPatterns.Iterator.UI.csproj", "{6D60DFEC-E1AF-4DF0-B6C2-1DA350C783BE}"
EndProject
Project("{FAE04EC0-301F-11D3-BF4B-00C04F79EFBC}") = "DesignPatterns.Decorator", "DesignPatterns.Decorator\DesignPatterns.Decorator.csproj", "{C1BE477A-7674-4A13-9F93-C8AF724CE316}"
EndProject
Project("{FAE04EC0-301F-11D3-BF4B-00C04F79EFBC}") = "DesignPatterns.Decorator.Tests", "DesignPatterns.Decorator.Tests\DesignPatterns.Decorator.Tests.csproj", "{EEF45DAE-5CCE-47C7-8A62-CA46D3643174}"
EndProject
Project("{FAE04EC0-301F-11D3-BF4B-00C04F79EFBC}") = "DesignPatterns.FluentBuilder", "DesignPatterns.FluentBuilder\DesignPatterns.FluentBuilder.csproj", "{80CF8885-5FAB-47ED-A73A-AF039877446B}"
EndProject
Project("{FAE04EC0-301F-11D3-BF4B-00C04F79EFBC}") = "DesignPatterns.FluentBuilder.UI", "DesignPatterns.FluentBuilder.UI\DesignPatterns.FluentBuilder.UI.csproj", "{24DB1F5C-BE30-4B3C-A2E7-88824264517B}"
EndProject
Project("{FAE04EC0-301F-11D3-BF4B-00C04F79EFBC}") = "DesignPatterns.FluentBuilder.Tests", "DesignPatterns.FluentBuilder.Tests\DesignPatterns.FluentBuilder.Tests.csproj", "{C4C8548D-7834-4B04-9BB0-6E55741F99AB}"
EndProject
Global
	GlobalSection(SolutionConfigurationPlatforms) = preSolution
		Debug|Any CPU = Debug|Any CPU
		Release|Any CPU = Release|Any CPU
	EndGlobalSection
	GlobalSection(ProjectConfigurationPlatforms) = postSolution
		{6D3584C0-0582-4A33-B6BC-EE5A6BDBDB37}.Debug|Any CPU.ActiveCfg = Debug|Any CPU
		{6D3584C0-0582-4A33-B6BC-EE5A6BDBDB37}.Debug|Any CPU.Build.0 = Debug|Any CPU
		{6D3584C0-0582-4A33-B6BC-EE5A6BDBDB37}.Release|Any CPU.ActiveCfg = Release|Any CPU
		{6D3584C0-0582-4A33-B6BC-EE5A6BDBDB37}.Release|Any CPU.Build.0 = Release|Any CPU
		{E8D5B573-1195-427E-82F5-8B60C8EDEE60}.Debug|Any CPU.ActiveCfg = Debug|Any CPU
		{E8D5B573-1195-427E-82F5-8B60C8EDEE60}.Debug|Any CPU.Build.0 = Debug|Any CPU
		{E8D5B573-1195-427E-82F5-8B60C8EDEE60}.Release|Any CPU.ActiveCfg = Release|Any CPU
		{E8D5B573-1195-427E-82F5-8B60C8EDEE60}.Release|Any CPU.Build.0 = Release|Any CPU
		{31D67FA5-D8E6-4B00-A5E8-2FDB40CF3A33}.Debug|Any CPU.ActiveCfg = Debug|Any CPU
		{31D67FA5-D8E6-4B00-A5E8-2FDB40CF3A33}.Debug|Any CPU.Build.0 = Debug|Any CPU
		{31D67FA5-D8E6-4B00-A5E8-2FDB40CF3A33}.Release|Any CPU.ActiveCfg = Release|Any CPU
		{31D67FA5-D8E6-4B00-A5E8-2FDB40CF3A33}.Release|Any CPU.Build.0 = Release|Any CPU
		{A65235F7-D21F-4DA2-BAC1-C4C5AAA676FB}.Debug|Any CPU.ActiveCfg = Debug|Any CPU
		{A65235F7-D21F-4DA2-BAC1-C4C5AAA676FB}.Debug|Any CPU.Build.0 = Debug|Any CPU
		{A65235F7-D21F-4DA2-BAC1-C4C5AAA676FB}.Release|Any CPU.ActiveCfg = Release|Any CPU
		{A65235F7-D21F-4DA2-BAC1-C4C5AAA676FB}.Release|Any CPU.Build.0 = Release|Any CPU
		{19F11A0C-1090-4F66-88D7-FE443F2C16A5}.Debug|Any CPU.ActiveCfg = Debug|Any CPU
		{19F11A0C-1090-4F66-88D7-FE443F2C16A5}.Debug|Any CPU.Build.0 = Debug|Any CPU
		{19F11A0C-1090-4F66-88D7-FE443F2C16A5}.Release|Any CPU.ActiveCfg = Release|Any CPU
		{19F11A0C-1090-4F66-88D7-FE443F2C16A5}.Release|Any CPU.Build.0 = Release|Any CPU
		{92EF782E-FCF8-44BB-95E4-E1E3D00A5A94}.Debug|Any CPU.ActiveCfg = Debug|Any CPU
		{92EF782E-FCF8-44BB-95E4-E1E3D00A5A94}.Debug|Any CPU.Build.0 = Debug|Any CPU
		{92EF782E-FCF8-44BB-95E4-E1E3D00A5A94}.Release|Any CPU.ActiveCfg = Release|Any CPU
		{92EF782E-FCF8-44BB-95E4-E1E3D00A5A94}.Release|Any CPU.Build.0 = Release|Any CPU
		{2779D653-9562-453E-958C-7254D1608D93}.Debug|Any CPU.ActiveCfg = Debug|Any CPU
		{2779D653-9562-453E-958C-7254D1608D93}.Debug|Any CPU.Build.0 = Debug|Any CPU
		{2779D653-9562-453E-958C-7254D1608D93}.Release|Any CPU.ActiveCfg = Release|Any CPU
		{2779D653-9562-453E-958C-7254D1608D93}.Release|Any CPU.Build.0 = Release|Any CPU
		{87E2AD41-022E-45F9-9618-9AABC3A07A33}.Debug|Any CPU.ActiveCfg = Debug|Any CPU
		{87E2AD41-022E-45F9-9618-9AABC3A07A33}.Debug|Any CPU.Build.0 = Debug|Any CPU
		{87E2AD41-022E-45F9-9618-9AABC3A07A33}.Release|Any CPU.ActiveCfg = Release|Any CPU
		{87E2AD41-022E-45F9-9618-9AABC3A07A33}.Release|Any CPU.Build.0 = Release|Any CPU
		{9D6D0E41-01E7-4C6A-A5C2-C9991042BA3B}.Debug|Any CPU.ActiveCfg = Debug|Any CPU
		{9D6D0E41-01E7-4C6A-A5C2-C9991042BA3B}.Debug|Any CPU.Build.0 = Debug|Any CPU
		{9D6D0E41-01E7-4C6A-A5C2-C9991042BA3B}.Release|Any CPU.ActiveCfg = Release|Any CPU
		{9D6D0E41-01E7-4C6A-A5C2-C9991042BA3B}.Release|Any CPU.Build.0 = Release|Any CPU
		{CEF48927-B0D4-40C1-A176-DF4EF904B778}.Debug|Any CPU.ActiveCfg = Debug|Any CPU
		{CEF48927-B0D4-40C1-A176-DF4EF904B778}.Debug|Any CPU.Build.0 = Debug|Any CPU
		{CEF48927-B0D4-40C1-A176-DF4EF904B778}.Release|Any CPU.ActiveCfg = Release|Any CPU
		{CEF48927-B0D4-40C1-A176-DF4EF904B778}.Release|Any CPU.Build.0 = Release|Any CPU
		{FB153270-6032-462A-99DB-0E5301F41EE4}.Debug|Any CPU.ActiveCfg = Debug|Any CPU
		{FB153270-6032-462A-99DB-0E5301F41EE4}.Debug|Any CPU.Build.0 = Debug|Any CPU
		{FB153270-6032-462A-99DB-0E5301F41EE4}.Release|Any CPU.ActiveCfg = Release|Any CPU
		{FB153270-6032-462A-99DB-0E5301F41EE4}.Release|Any CPU.Build.0 = Release|Any CPU
		{4014A065-7073-4BA0-BA7E-2260BC86E40F}.Debug|Any CPU.ActiveCfg = Debug|Any CPU
		{4014A065-7073-4BA0-BA7E-2260BC86E40F}.Debug|Any CPU.Build.0 = Debug|Any CPU
		{4014A065-7073-4BA0-BA7E-2260BC86E40F}.Release|Any CPU.ActiveCfg = Release|Any CPU
		{4014A065-7073-4BA0-BA7E-2260BC86E40F}.Release|Any CPU.Build.0 = Release|Any CPU
		{52D4D560-39B3-4997-A52B-7B1C1951C008}.Debug|Any CPU.ActiveCfg = Debug|Any CPU
		{52D4D560-39B3-4997-A52B-7B1C1951C008}.Debug|Any CPU.Build.0 = Debug|Any CPU
		{52D4D560-39B3-4997-A52B-7B1C1951C008}.Release|Any CPU.ActiveCfg = Release|Any CPU
		{52D4D560-39B3-4997-A52B-7B1C1951C008}.Release|Any CPU.Build.0 = Release|Any CPU
		{3DD16706-1F5E-4A91-9905-C2A7C24B14CA}.Debug|Any CPU.ActiveCfg = Debug|Any CPU
		{3DD16706-1F5E-4A91-9905-C2A7C24B14CA}.Debug|Any CPU.Build.0 = Debug|Any CPU
		{3DD16706-1F5E-4A91-9905-C2A7C24B14CA}.Release|Any CPU.ActiveCfg = Release|Any CPU
		{3DD16706-1F5E-4A91-9905-C2A7C24B14CA}.Release|Any CPU.Build.0 = Release|Any CPU
		{500C3CB3-2BC7-4D18-8546-B468E71BF75A}.Debug|Any CPU.ActiveCfg = Debug|Any CPU
		{500C3CB3-2BC7-4D18-8546-B468E71BF75A}.Debug|Any CPU.Build.0 = Debug|Any CPU
		{500C3CB3-2BC7-4D18-8546-B468E71BF75A}.Release|Any CPU.ActiveCfg = Release|Any CPU
		{500C3CB3-2BC7-4D18-8546-B468E71BF75A}.Release|Any CPU.Build.0 = Release|Any CPU
		{31B744A4-5B81-4C6C-AA1E-AB4A1708DA80}.Debug|Any CPU.ActiveCfg = Debug|Any CPU
		{31B744A4-5B81-4C6C-AA1E-AB4A1708DA80}.Debug|Any CPU.Build.0 = Debug|Any CPU
		{31B744A4-5B81-4C6C-AA1E-AB4A1708DA80}.Release|Any CPU.ActiveCfg = Release|Any CPU
		{31B744A4-5B81-4C6C-AA1E-AB4A1708DA80}.Release|Any CPU.Build.0 = Release|Any CPU
		{629352CE-2A7A-4C90-A3EC-6AF31034BC64}.Debug|Any CPU.ActiveCfg = Debug|Any CPU
		{629352CE-2A7A-4C90-A3EC-6AF31034BC64}.Debug|Any CPU.Build.0 = Debug|Any CPU
		{629352CE-2A7A-4C90-A3EC-6AF31034BC64}.Release|Any CPU.ActiveCfg = Release|Any CPU
		{629352CE-2A7A-4C90-A3EC-6AF31034BC64}.Release|Any CPU.Build.0 = Release|Any CPU
		{3E44E18A-2C70-4B0C-AC36-432CD9ED1ECB}.Debug|Any CPU.ActiveCfg = Debug|Any CPU
		{3E44E18A-2C70-4B0C-AC36-432CD9ED1ECB}.Debug|Any CPU.Build.0 = Debug|Any CPU
		{3E44E18A-2C70-4B0C-AC36-432CD9ED1ECB}.Release|Any CPU.ActiveCfg = Release|Any CPU
		{3E44E18A-2C70-4B0C-AC36-432CD9ED1ECB}.Release|Any CPU.Build.0 = Release|Any CPU
		{1C58E61D-191C-4442-A095-5A77EF22C2DB}.Debug|Any CPU.ActiveCfg = Debug|Any CPU
		{1C58E61D-191C-4442-A095-5A77EF22C2DB}.Debug|Any CPU.Build.0 = Debug|Any CPU
		{1C58E61D-191C-4442-A095-5A77EF22C2DB}.Release|Any CPU.ActiveCfg = Release|Any CPU
		{1C58E61D-191C-4442-A095-5A77EF22C2DB}.Release|Any CPU.Build.0 = Release|Any CPU
		{440FF0E9-F48A-4919-9A64-A85190835716}.Debug|Any CPU.ActiveCfg = Debug|Any CPU
		{440FF0E9-F48A-4919-9A64-A85190835716}.Debug|Any CPU.Build.0 = Debug|Any CPU
		{440FF0E9-F48A-4919-9A64-A85190835716}.Release|Any CPU.ActiveCfg = Release|Any CPU
		{440FF0E9-F48A-4919-9A64-A85190835716}.Release|Any CPU.Build.0 = Release|Any CPU
		{6D60DFEC-E1AF-4DF0-B6C2-1DA350C783BE}.Debug|Any CPU.ActiveCfg = Debug|Any CPU
		{6D60DFEC-E1AF-4DF0-B6C2-1DA350C783BE}.Debug|Any CPU.Build.0 = Debug|Any CPU
		{6D60DFEC-E1AF-4DF0-B6C2-1DA350C783BE}.Release|Any CPU.ActiveCfg = Release|Any CPU
		{6D60DFEC-E1AF-4DF0-B6C2-1DA350C783BE}.Release|Any CPU.Build.0 = Release|Any CPU
		{C1BE477A-7674-4A13-9F93-C8AF724CE316}.Debug|Any CPU.ActiveCfg = Debug|Any CPU
		{C1BE477A-7674-4A13-9F93-C8AF724CE316}.Debug|Any CPU.Build.0 = Debug|Any CPU
		{C1BE477A-7674-4A13-9F93-C8AF724CE316}.Release|Any CPU.ActiveCfg = Release|Any CPU
		{C1BE477A-7674-4A13-9F93-C8AF724CE316}.Release|Any CPU.Build.0 = Release|Any CPU
		{EEF45DAE-5CCE-47C7-8A62-CA46D3643174}.Debug|Any CPU.ActiveCfg = Debug|Any CPU
		{EEF45DAE-5CCE-47C7-8A62-CA46D3643174}.Debug|Any CPU.Build.0 = Debug|Any CPU
		{EEF45DAE-5CCE-47C7-8A62-CA46D3643174}.Release|Any CPU.ActiveCfg = Release|Any CPU
		{EEF45DAE-5CCE-47C7-8A62-CA46D3643174}.Release|Any CPU.Build.0 = Release|Any CPU
		{80CF8885-5FAB-47ED-A73A-AF039877446B}.Debug|Any CPU.ActiveCfg = Debug|Any CPU
		{80CF8885-5FAB-47ED-A73A-AF039877446B}.Debug|Any CPU.Build.0 = Debug|Any CPU
		{80CF8885-5FAB-47ED-A73A-AF039877446B}.Release|Any CPU.ActiveCfg = Release|Any CPU
		{80CF8885-5FAB-47ED-A73A-AF039877446B}.Release|Any CPU.Build.0 = Release|Any CPU
		{24DB1F5C-BE30-4B3C-A2E7-88824264517B}.Debug|Any CPU.ActiveCfg = Debug|Any CPU
		{24DB1F5C-BE30-4B3C-A2E7-88824264517B}.Debug|Any CPU.Build.0 = Debug|Any CPU
		{24DB1F5C-BE30-4B3C-A2E7-88824264517B}.Release|Any CPU.ActiveCfg = Release|Any CPU
		{24DB1F5C-BE30-4B3C-A2E7-88824264517B}.Release|Any CPU.Build.0 = Release|Any CPU
		{C4C8548D-7834-4B04-9BB0-6E55741F99AB}.Debug|Any CPU.ActiveCfg = Debug|Any CPU
		{C4C8548D-7834-4B04-9BB0-6E55741F99AB}.Debug|Any CPU.Build.0 = Debug|Any CPU
		{C4C8548D-7834-4B04-9BB0-6E55741F99AB}.Release|Any CPU.ActiveCfg = Release|Any CPU
		{C4C8548D-7834-4B04-9BB0-6E55741F99AB}.Release|Any CPU.Build.0 = Release|Any CPU
	EndGlobalSection
EndGlobal
